Microsoft Visual Studio Solution File, Format Version 12.00
# Visual Studio 2012
Project("{FAE04EC0-301F-11D3-BF4B-00C04F79EFBC}") = "Generic.FormDataHandler", "FormDataHandler\Generic.FormDataHandler.csproj", "{21C1FA73-1D6D-483D-916E-EEBCB20E40F3}"
EndProject
Project("{FAE04EC0-301F-11D3-BF4B-00C04F79EFBC}") = "Generic.FormDataHandler.Helper", "Generic.FormDataHandler.Helper\Generic.FormDataHandler.Helper.csproj", "{C71CE449-6B65-43F0-9368-34BB29FE0CC4}"
EndProject
Project("{FAE04EC0-301F-11D3-BF4B-00C04F79EFBC}") = "Generic.FormDataHandler.BusinessLogic", "Generic.FormDataHandler.BusinessLogic\Generic.FormDataHandler.BusinessLogic.csproj", "{531AF2D0-3047-439E-8368-4DF1F36E7D8B}"
EndProject
Global
	GlobalSection(SolutionConfigurationPlatforms) = preSolution
		Debug|Any CPU = Debug|Any CPU
		Release|Any CPU = Release|Any CPU
	EndGlobalSection
	GlobalSection(ProjectConfigurationPlatforms) = postSolution
		{21C1FA73-1D6D-483D-916E-EEBCB20E40F3}.Debug|Any CPU.ActiveCfg = Debug|Any CPU
		{21C1FA73-1D6D-483D-916E-EEBCB20E40F3}.Debug|Any CPU.Build.0 = Debug|Any CPU
		{21C1FA73-1D6D-483D-916E-EEBCB20E40F3}.Release|Any CPU.ActiveCfg = Release|Any CPU
		{21C1FA73-1D6D-483D-916E-EEBCB20E40F3}.Release|Any CPU.Build.0 = Release|Any CPU
		{C71CE449-6B65-43F0-9368-34BB29FE0CC4}.Debug|Any CPU.ActiveCfg = Debug|Any CPU
		{C71CE449-6B65-43F0-9368-34BB29FE0CC4}.Debug|Any CPU.Build.0 = Debug|Any CPU
		{C71CE449-6B65-43F0-9368-34BB29FE0CC4}.Release|Any CPU.ActiveCfg = Release|Any CPU
		{C71CE449-6B65-43F0-9368-34BB29FE0CC4}.Release|Any CPU.Build.0 = Release|Any CPU
		{531AF2D0-3047-439E-8368-4DF1F36E7D8B}.Debug|Any CPU.ActiveCfg = Debug|Any CPU
		{531AF2D0-3047-439E-8368-4DF1F36E7D8B}.Debug|Any CPU.Build.0 = Debug|Any CPU
		{531AF2D0-3047-439E-8368-4DF1F36E7D8B}.Release|Any CPU.ActiveCfg = Release|Any CPU
		{531AF2D0-3047-439E-8368-4DF1F36E7D8B}.Release|Any CPU.Build.0 = Release|Any CPU
	EndGlobalSection
	GlobalSection(SolutionProperties) = preSolution
		HideSolutionNode = FALSE
	EndGlobalSection
EndGlobal
